
Microsoft Visual Studio Solution File, Format Version 12.00
# Visual Studio 14
VisualStudioVersion = 14.0.24720.0
MinimumVisualStudioVersion = 10.0.40219.1
Project("{FAE04EC0-301F-11D3-BF4B-00C04F79EFBC}") = "LoginBancoTeste", "LoginBancoTeste\LoginBancoTeste.csproj", "{8E220569-5F22-4F34-BD41-FA324CAC480F}"
EndProject
Project("{2150E333-8FDC-42A3-9474-1A3956D46DE8}") = "Solution Items", "Solution Items", "{9A2FB723-A41F-4BF4-8FC9-870251997595}"
EndProject
Project("{FAE04EC0-301F-11D3-BF4B-00C04F79EFBC}") = "LoginBancoTesteTests", "LoginBancoTesteTests\LoginBancoTesteTests.csproj", "{5E45E8B7-0BF5-482C-96CF-41F26B632050}"
EndProject
Global
	GlobalSection(SolutionConfigurationPlatforms) = preSolution
		Debug|Any CPU = Debug|Any CPU
		Release|Any CPU = Release|Any CPU
	EndGlobalSection
	GlobalSection(ProjectConfigurationPlatforms) = postSolution
		{8E220569-5F22-4F34-BD41-FA324CAC480F}.Debug|Any CPU.ActiveCfg = Debug|Any CPU
		{8E220569-5F22-4F34-BD41-FA324CAC480F}.Debug|Any CPU.Build.0 = Debug|Any CPU
		{8E220569-5F22-4F34-BD41-FA324CAC480F}.Release|Any CPU.ActiveCfg = Release|Any CPU
		{8E220569-5F22-4F34-BD41-FA324CAC480F}.Release|Any CPU.Build.0 = Release|Any CPU
		{5E45E8B7-0BF5-482C-96CF-41F26B632050}.Debug|Any CPU.ActiveCfg = Debug|Any CPU
		{5E45E8B7-0BF5-482C-96CF-41F26B632050}.Debug|Any CPU.Build.0 = Debug|Any CPU
		{5E45E8B7-0BF5-482C-96CF-41F26B632050}.Release|Any CPU.ActiveCfg = Release|Any CPU
		{5E45E8B7-0BF5-482C-96CF-41F26B632050}.Release|Any CPU.Build.0 = Release|Any CPU
	EndGlobalSection
	GlobalSection(SolutionProperties) = preSolution
		HideSolutionNode = FALSE
	EndGlobalSection
EndGlobal
